// !$*UTF8*$!
{
	archiveVersion = 1;
	classes = {
	};
	objectVersion = 46;
	objects = {

/* Begin PBXBuildFile section */
		649B7D11159A6ABB00EB9D1E /* UIKit.framework in Frameworks */ = {isa = PBXBuildFile; fileRef = 649B7D10159A6ABB00EB9D1E /* UIKit.framework */; };
		649B7D13159A6ABB00EB9D1E /* Foundation.framework in Frameworks */ = {isa = PBXBuildFile; fileRef = 649B7D12159A6ABB00EB9D1E /* Foundation.framework */; };
		649B7D15159A6ABB00EB9D1E /* CoreGraphics.framework in Frameworks */ = {isa = PBXBuildFile; fileRef = 649B7D14159A6ABB00EB9D1E /* CoreGraphics.framework */; };
		649B7D1B159A6ABB00EB9D1E /* InfoPlist.strings in Resources */ = {isa = PBXBuildFile; fileRef = 649B7D19159A6ABB00EB9D1E /* InfoPlist.strings */; };
		649B7D1D159A6ABB00EB9D1E /* main.m in Sources */ = {isa = PBXBuildFile; fileRef = 649B7D1C159A6ABB00EB9D1E /* main.m */; };
		649B7D21159A6ABB00EB9D1E /* TowerTestAppDelegate.m in Sources */ = {isa = PBXBuildFile; fileRef = 649B7D20159A6ABB00EB9D1E /* TowerTestAppDelegate.m */; };
		649B7D24159A6ABB00EB9D1E /* MainStoryboard.storyboard in Resources */ = {isa = PBXBuildFile; fileRef = 649B7D22159A6ABB00EB9D1E /* MainStoryboard.storyboard */; };
		649B7D27159A6ABB00EB9D1E /* TowerTestViewController.m in Sources */ = {isa = PBXBuildFile; fileRef = 649B7D26159A6ABB00EB9D1E /* TowerTestViewController.m */; };
		649B7D2E159A70FA00EB9D1E /* testfile.rtf in Resources */ = {isa = PBXBuildFile; fileRef = 649B7D2D159A70FA00EB9D1E /* testfile.rtf */; };
/* End PBXBuildFile section */

/* Begin PBXFileReference section */
		649B7D0C159A6ABB00EB9D1E /* TowerTest.app */ = {isa = PBXFileReference; explicitFileType = wrapper.application; includeInIndex = 0; path = TowerTest.app; sourceTree = BUILT_PRODUCTS_DIR; };
		649B7D10159A6ABB00EB9D1E /* UIKit.framework */ = {isa = PBXFileReference; lastKnownFileType = wrapper.framework; name = UIKit.framework; path = System/Library/Frameworks/UIKit.framework; sourceTree = SDKROOT; };
		649B7D12159A6ABB00EB9D1E /* Foundation.framework */ = {isa = PBXFileReference; lastKnownFileType = wrapper.framework; name = Foundation.framework; path = System/Library/Frameworks/Foundation.framework; sourceTree = SDKROOT; };
		649B7D14159A6ABB00EB9D1E /* CoreGraphics.framework */ = {isa = PBXFileReference; lastKnownFileType = wrapper.framework; name = CoreGraphics.framework; path = System/Library/Frameworks/CoreGraphics.framework; sourceTree = SDKROOT; };
		649B7D18159A6ABB00EB9D1E /* TowerTest-Info.plist */ = {isa = PBXFileReference; lastKnownFileType = text.plist.xml; path = "TowerTest-Info.plist"; sourceTree = "<group>"; };
		649B7D1A159A6ABB00EB9D1E /* en */ = {isa = PBXFileReference; lastKnownFileType = text.plist.strings; name = en; path = en.lproj/InfoPlist.strings; sourceTree = "<group>"; };
		649B7D1C159A6ABB00EB9D1E /* main.m */ = {isa = PBXFileReference; lastKnownFileType = sourcecode.c.objc; path = main.m; sourceTree = "<group>"; };
		649B7D1E159A6ABB00EB9D1E /* TowerTest-Prefix.pch */ = {isa = PBXFileReference; lastKnownFileType = sourcecode.c.h; path = "TowerTest-Prefix.pch"; sourceTree = "<group>"; };
		649B7D1F159A6ABB00EB9D1E /* TowerTestAppDelegate.h */ = {isa = PBXFileReference; lastKnownFileType = sourcecode.c.h; path = TowerTestAppDelegate.h; sourceTree = "<group>"; };
		649B7D20159A6ABB00EB9D1E /* TowerTestAppDelegate.m */ = {isa = PBXFileReference; lastKnownFileType = sourcecode.c.objc; path = TowerTestAppDelegate.m; sourceTree = "<group>"; };
		649B7D23159A6ABB00EB9D1E /* en */ = {isa = PBXFileReference; lastKnownFileType = file.storyboard; name = en; path = en.lproj/MainStoryboard.storyboard; sourceTree = "<group>"; };
		649B7D25159A6ABB00EB9D1E /* TowerTestViewController.h */ = {isa = PBXFileReference; lastKnownFileType = sourcecode.c.h; path = TowerTestViewController.h; sourceTree = "<group>"; };
		649B7D26159A6ABB00EB9D1E /* TowerTestViewController.m */ = {isa = PBXFileReference; lastKnownFileType = sourcecode.c.objc; path = TowerTestViewController.m; sourceTree = "<group>"; };
		649B7D2D159A70FA00EB9D1E /* testfile.rtf */ = {isa = PBXFileReference; fileEncoding = 4; lastKnownFileType = text.rtf; path = testfile.rtf; sourceTree = "<group>"; };
/* End PBXFileReference section */

/* Begin PBXFrameworksBuildPhase section */
		649B7D09159A6ABB00EB9D1E /* Frameworks */ = {
			isa = PBXFrameworksBuildPhase;
			buildActionMask = 2147483647;
			files = (
				649B7D11159A6ABB00EB9D1E /* UIKit.framework in Frameworks */,
				649B7D13159A6ABB00EB9D1E /* Foundation.framework in Frameworks */,
				649B7D15159A6ABB00EB9D1E /* CoreGraphics.framework in Frameworks */,
			);
			runOnlyForDeploymentPostprocessing = 0;
		};
/* End PBXFrameworksBuildPhase section */

/* Begin PBXGroup section */
		649B7D01159A6ABB00EB9D1E = {
			isa = PBXGroup;
			children = (
				649B7D16159A6ABB00EB9D1E /* TowerTest */,
				649B7D0F159A6ABB00EB9D1E /* Frameworks */,
				649B7D0D159A6ABB00EB9D1E /* Products */,
			);
			sourceTree = "<group>";
		};
		649B7D0D159A6ABB00EB9D1E /* Products */ = {
			isa = PBXGroup;
			children = (
				649B7D0C159A6ABB00EB9D1E /* TowerTest.app */,
			);
			name = Products;
			sourceTree = "<group>";
		};
		649B7D0F159A6ABB00EB9D1E /* Frameworks */ = {
			isa = PBXGroup;
			children = (
				649B7D10159A6ABB00EB9D1E /* UIKit.framework */,
				649B7D12159A6ABB00EB9D1E /* Foundation.framework */,
				649B7D14159A6ABB00EB9D1E /* CoreGraphics.framework */,
			);
			name = Frameworks;
			sourceTree = "<group>";
		};
		649B7D16159A6ABB00EB9D1E /* TowerTest */ = {
			isa = PBXGroup;
			children = (
				649B7D1F159A6ABB00EB9D1E /* TowerTestAppDelegate.h */,
				649B7D20159A6ABB00EB9D1E /* TowerTestAppDelegate.m */,
				649B7D22159A6ABB00EB9D1E /* MainStoryboard.storyboard */,
				649B7D25159A6ABB00EB9D1E /* TowerTestViewController.h */,
				649B7D26159A6ABB00EB9D1E /* TowerTestViewController.m */,
				649B7D17159A6ABB00EB9D1E /* Supporting Files */,
				649B7D2D159A70FA00EB9D1E /* testfile.rtf */,
			);
			path = TowerTest;
			sourceTree = "<group>";
		};
		649B7D17159A6ABB00EB9D1E /* Supporting Files */ = {
			isa = PBXGroup;
			children = (
				649B7D18159A6ABB00EB9D1E /* TowerTest-Info.plist */,
				649B7D19159A6ABB00EB9D1E /* InfoPlist.strings */,
				649B7D1C159A6ABB00EB9D1E /* main.m */,
				649B7D1E159A6ABB00EB9D1E /* TowerTest-Prefix.pch */,
			);
			name = "Supporting Files";
			sourceTree = "<group>";
		};
/* End PBXGroup section */

/* Begin PBXNativeTarget section */
		649B7D0B159A6ABB00EB9D1E /* TowerTest */ = {
			isa = PBXNativeTarget;
			buildConfigurationList = 649B7D2A159A6ABB00EB9D1E /* Build configuration list for PBXNativeTarget "TowerTest" */;
			buildPhases = (
				649B7D08159A6ABB00EB9D1E /* Sources */,
				649B7D09159A6ABB00EB9D1E /* Frameworks */,
				649B7D0A159A6ABB00EB9D1E /* Resources */,
			);
			buildRules = (
			);
			dependencies = (
			);
			name = TowerTest;
			productName = TowerTest;
			productReference = 649B7D0C159A6ABB00EB9D1E /* TowerTest.app */;
			productType = "com.apple.product-type.application";
		};
/* End PBXNativeTarget section */

/* Begin PBXProject section */
		649B7D03159A6ABB00EB9D1E /* Project object */ = {
			isa = PBXProject;
			attributes = {
				LastUpgradeCheck = 0420;
			};
			buildConfigurationList = 649B7D06159A6ABB00EB9D1E /* Build configuration list for PBXProject "TowerTest" */;
			compatibilityVersion = "Xcode 3.2";
			developmentRegion = English;
			hasScannedForEncodings = 0;
			knownRegions = (
				en,
			);
			mainGroup = 649B7D01159A6ABB00EB9D1E;
			productRefGroup = 649B7D0D159A6ABB00EB9D1E /* Products */;
			projectDirPath = "";
			projectRoot = "";
			targets = (
				649B7D0B159A6ABB00EB9D1E /* TowerTest */,
			);
		};
/* End PBXProject section */

/* Begin PBXResourcesBuildPhase section */
		649B7D0A159A6ABB00EB9D1E /* Resources */ = {
			isa = PBXResourcesBuildPhase;
			buildActionMask = 2147483647;
			files = (
				649B7D1B159A6ABB00EB9D1E /* InfoPlist.strings in Resources */,
				649B7D24159A6ABB00EB9D1E /* MainStoryboard.storyboard in Resources */,
				649B7D2E159A70FA00EB9D1E /* testfile.rtf in Resources */,
			);
			runOnlyForDeploymentPostprocessing = 0;
		};
/* End PBXResourcesBuildPhase section */

/* Begin PBXSourcesBuildPhase section */
		649B7D08159A6ABB00EB9D1E /* Sources */ = {
			isa = PBXSourcesBuildPhase;
			buildActionMask = 2147483647;
			files = (
				649B7D1D159A6ABB00EB9D1E /* main.m in Sources */,
				649B7D21159A6ABB00EB9D1E /* TowerTestAppDelegate.m in Sources */,
				649B7D27159A6ABB00EB9D1E /* TowerTestViewController.m in Sources */,
			);
			runOnlyForDeploymentPostprocessing = 0;
		};
/* End PBXSourcesBuildPhase section */

/* Begin PBXVariantGroup section */
		649B7D19159A6ABB00EB9D1E /* InfoPlist.strings */ = {
			isa = PBXVariantGroup;
			children = (
				649B7D1A159A6ABB00EB9D1E /* en */,
			);
			name = InfoPlist.strings;
			sourceTree = "<group>";
		};
		649B7D22159A6ABB00EB9D1E /* MainStoryboard.storyboard */ = {
			isa = PBXVariantGroup;
			children = (
				649B7D23159A6ABB00EB9D1E /* en */,
			);
			name = MainStoryboard.storyboard;
			sourceTree = "<group>";
		};
/* End PBXVariantGroup section */

/* Begin XCBuildConfiguration section */
		649B7D28159A6ABB00EB9D1E /* Debug */ = {
			isa = XCBuildConfiguration;
			buildSettings = {
				ALWAYS_SEARCH_USER_PATHS = NO;
				ARCHS = "$(ARCHS_STANDARD_32_BIT)";
				CLANG_ENABLE_OBJC_ARC = YES;
				"CODE_SIGN_IDENTITY[sdk=iphoneos*]" = "iPhone Developer";
				COPY_PHASE_STRIP = NO;
				GCC_C_LANGUAGE_STANDARD = gnu99;
				GCC_DYNAMIC_NO_PIC = NO;
				GCC_OPTIMIZATION_LEVEL = 0;
				GCC_PREPROCESSOR_DEFINITIONS = (
					"DEBUG=1",
					"$(inherited)",
				);
				GCC_SYMBOLS_PRIVATE_EXTERN = NO;
				GCC_VERSION = com.apple.compilers.llvm.clang.1_0;
				GCC_WARN_ABOUT_MISSING_PROTOTYPES = YES;
				GCC_WARN_ABOUT_RETURN_TYPE = YES;
				GCC_WARN_UNUSED_VARIABLE = YES;
				IPHONEOS_DEPLOYMENT_TARGET = 5.0;
				SDKROOT = iphoneos;
			};
			name = Debug;
		};
		649B7D29159A6ABB00EB9D1E /* Release */ = {
			isa = XCBuildConfiguration;
			buildSettings = {
				ALWAYS_SEARCH_USER_PATHS = NO;
				ARCHS = "$(ARCHS_STANDARD_32_BIT)";
				CLANG_ENABLE_OBJC_ARC = YES;
				"CODE_SIGN_IDENTITY[sdk=iphoneos*]" = "iPhone Developer";
				COPY_PHASE_STRIP = YES;
				GCC_C_LANGUAGE_STANDARD = gnu99;
				GCC_VERSION = com.apple.compilers.llvm.clang.1_0;
				GCC_WARN_ABOUT_MISSING_PROTOTYPES = YES;
				GCC_WARN_ABOUT_RETURN_TYPE = YES;
				GCC_WARN_UNUSED_VARIABLE = YES;
				IPHONEOS_DEPLOYMENT_TARGET = 5.0;
				OTHER_CFLAGS = "-DNS_BLOCK_ASSERTIONS=1";
				SDKROOT = iphoneos;
				VALIDATE_PRODUCT = YES;
			};
			name = Release;
		};
		649B7D2B159A6ABB00EB9D1E /* Debug */ = {
			isa = XCBuildConfiguration;
			buildSettings = {
				GCC_PRECOMPILE_PREFIX_HEADER = YES;
				GCC_PREFIX_HEADER = "TowerTest/TowerTest-Prefix.pch";
				INFOPLIST_FILE = "TowerTest/TowerTest-Info.plist";
				PRODUCT_NAME = "$(TARGET_NAME)";
				WRAPPER_EXTENSION = app;
			};
			name = Debug;
		};
		649B7D2C159A6ABB00EB9D1E /* Release */ = {
			isa = XCBuildConfiguration;
			buildSettings = {
				GCC_PRECOMPILE_PREFIX_HEADER = YES;
				GCC_PREFIX_HEADER = "TowerTest/TowerTest-Prefix.pch";
				INFOPLIST_FILE = "TowerTest/TowerTest-Info.plist";
				PRODUCT_NAME = "$(TARGET_NAME)";
				WRAPPER_EXTENSION = app;
			};
			name = Release;
		};
/* End XCBuildConfiguration section */

/* Begin XCConfigurationList section */
		649B7D06159A6ABB00EB9D1E /* Build configuration list for PBXProject "TowerTest" */ = {
			isa = XCConfigurationList;
			buildConfigurations = (
				649B7D28159A6ABB00EB9D1E /* Debug */,
				649B7D29159A6ABB00EB9D1E /* Release */,
			);
			defaultConfigurationIsVisible = 0;
			defaultConfigurationName = Release;
		};
		649B7D2A159A6ABB00EB9D1E /* Build configuration list for PBXNativeTarget "TowerTest" */ = {
			isa = XCConfigurationList;
			buildConfigurations = (
				649B7D2B159A6ABB00EB9D1E /* Debug */,
				649B7D2C159A6ABB00EB9D1E /* Release */,
			);
			defaultConfigurationIsVisible = 0;
		};
/* End XCConfigurationList section */
	};
	rootObject = 649B7D03159A6ABB00EB9D1E /* Project object */;
}
